{
  "name": "fullstack-rescript",
  "requires": true,
  "lockfileVersion": 1,
  "dependencies": {
    "bs-fetch": {
      "version": "0.6.2",
      "resolved": "https://registry.npmjs.org/bs-fetch/-/bs-fetch-0.6.2.tgz",
      "integrity": "sha512-VXEjp8kY3vHPckaoy3d96Bx0KYjJAPLNISBwfpwMN26K6DtuZYwI2HKhx7zeHBajz1bRArfx7O8OOLcdtujMvg=="
    },
    "bs-platform": {
      "version": "9.0.2",
      "resolved": "https://registry.npmjs.org/bs-platform/-/bs-platform-9.0.2.tgz",
      "integrity": "sha512-Ye9JqJ4Oa7mcjjoOVRYI8Uc2Cf8N7jQLWDcdUplY7996d/YErSR7WitmV7XnSwr4EvdrbwjEsg1NxNjUQv3ChA=="
    },
    "bs-webapi": {
      "version": "0.19.1",
      "resolved": "https://registry.npmjs.org/bs-webapi/-/bs-webapi-0.19.1.tgz",
      "integrity": "sha512-sRhkNdHFBxzoiLH+r8rhlW9XSafBbbGCkvsxtTJ1QMABEaHKj8TejwA7TuBZH2ZYL2ur3sk291ukkge5qFm3Uw==",
      "requires": {
        "bs-fetch": "^0.6.2"
      }
    },
    "esbuild": {
      "version": "0.11.6",
      "resolved": "https://registry.npmjs.org/esbuild/-/esbuild-0.11.6.tgz",
      "integrity": "sha512-L+nKW9ftVS/N2CVJMR9YmXHbkm+vHzlNYuo09rzipQhF7dYNvRLfWoEPSDRTl10and4owFBV9rJ2CTFNtLIOiw=="
    }
  }
}
