{
  "name": "dream-playground",
  "lockfileVersion": 2,
  "requires": true,
  "packages": {
    "": {
      "name": "dream-playground",
      "dependencies": {
        "codemirror": "*"
      }
    },
    "node_modules/codemirror": {
      "version": "5.61.0",
      "resolved": "https://registry.npmjs.org/codemirror/-/codemirror-5.61.0.tgz",
      "integrity": "sha512-D3wYH90tYY1BsKlUe0oNj2JAhQ9TepkD51auk3N7q+4uz7A/cgJ5JsWHreT0PqieW1QhOuqxQ2reCXV1YXzecg=="
    }
  },
  "dependencies": {
    "codemirror": {
      "version": "5.61.0",
      "resolved": "https://registry.npmjs.org/codemirror/-/codemirror-5.61.0.tgz",
      "integrity": "sha512-D3wYH90tYY1BsKlUe0oNj2JAhQ9TepkD51auk3N7q+4uz7A/cgJ5JsWHreT0PqieW1QhOuqxQ2reCXV1YXzecg=="
    }
  }
}
